
Microsoft Visual Studio Solution File, Format Version 12.00
# Visual Studio Version 17
VisualStudioVersion = 17.3.32929.385
MinimumVisualStudioVersion = 10.0.40219.1
Project("{FAE04EC0-301F-11D3-BF4B-00C04F79EFBC}") = "EFCoreEleganceUse", "EFCoreEleganceUse\EFCoreEleganceUse.csproj", "{145105F5-B6EB-4E63-AC74-472AFF96F380}"
EndProject
Project("{FAE04EC0-301F-11D3-BF4B-00C04F79EFBC}") = "EFCoreEleganceUse.Core", "EFCoreEleganceUse.Core\EFCoreEleganceUse.Core.csproj", "{CAC4C2C2-3754-437C-B6B8-77F4602C9825}"
EndProject
Project("{FAE04EC0-301F-11D3-BF4B-00C04F79EFBC}") = "EFCoreEleganceUse.EF.Mysql", "EFCoreEleganceUse.EF.Mysql\EFCoreEleganceUse.EF.Mysql.csproj", "{19DE9EEE-C71E-4014-89D4-FB650FD5D1BB}"
EndProject
Project("{FAE04EC0-301F-11D3-BF4B-00C04F79EFBC}") = "EFCoreEleganceUse.EF.Migrations", "EFCoreEleganceUse.EF.Migrations\EFCoreEleganceUse.EF.Migrations.csproj", "{9BA28812-DDD2-4FED-84B5-2B1FDB28E6CA}"
EndProject
Project("{FAE04EC0-301F-11D3-BF4B-00C04F79EFBC}") = "EFCoreEleganceUse.Domain", "EFCoreEleganceUse.Domain\EFCoreEleganceUse.Domain.csproj", "{A9065967-80A0-4CDA-9642-E489CCA7ECEA}"
EndProject
Global
	GlobalSection(SolutionConfigurationPlatforms) = preSolution
		Debug|Any CPU = Debug|Any CPU
		Release|Any CPU = Release|Any CPU
	EndGlobalSection
	GlobalSection(ProjectConfigurationPlatforms) = postSolution
		{145105F5-B6EB-4E63-AC74-472AFF96F380}.Debug|Any CPU.ActiveCfg = Debug|Any CPU
		{145105F5-B6EB-4E63-AC74-472AFF96F380}.Debug|Any CPU.Build.0 = Debug|Any CPU
		{145105F5-B6EB-4E63-AC74-472AFF96F380}.Release|Any CPU.ActiveCfg = Release|Any CPU
		{145105F5-B6EB-4E63-AC74-472AFF96F380}.Release|Any CPU.Build.0 = Release|Any CPU
		{CAC4C2C2-3754-437C-B6B8-77F4602C9825}.Debug|Any CPU.ActiveCfg = Debug|Any CPU
		{CAC4C2C2-3754-437C-B6B8-77F4602C9825}.Debug|Any CPU.Build.0 = Debug|Any CPU
		{CAC4C2C2-3754-437C-B6B8-77F4602C9825}.Release|Any CPU.ActiveCfg = Release|Any CPU
		{CAC4C2C2-3754-437C-B6B8-77F4602C9825}.Release|Any CPU.Build.0 = Release|Any CPU
		{19DE9EEE-C71E-4014-89D4-FB650FD5D1BB}.Debug|Any CPU.ActiveCfg = Debug|Any CPU
		{19DE9EEE-C71E-4014-89D4-FB650FD5D1BB}.Debug|Any CPU.Build.0 = Debug|Any CPU
		{19DE9EEE-C71E-4014-89D4-FB650FD5D1BB}.Release|Any CPU.ActiveCfg = Release|Any CPU
		{19DE9EEE-C71E-4014-89D4-FB650FD5D1BB}.Release|Any CPU.Build.0 = Release|Any CPU
		{9BA28812-DDD2-4FED-84B5-2B1FDB28E6CA}.Debug|Any CPU.ActiveCfg = Debug|Any CPU
		{9BA28812-DDD2-4FED-84B5-2B1FDB28E6CA}.Debug|Any CPU.Build.0 = Debug|Any CPU
		{9BA28812-DDD2-4FED-84B5-2B1FDB28E6CA}.Release|Any CPU.ActiveCfg = Release|Any CPU
		{9BA28812-DDD2-4FED-84B5-2B1FDB28E6CA}.Release|Any CPU.Build.0 = Release|Any CPU
		{A9065967-80A0-4CDA-9642-E489CCA7ECEA}.Debug|Any CPU.ActiveCfg = Debug|Any CPU
		{A9065967-80A0-4CDA-9642-E489CCA7ECEA}.Debug|Any CPU.Build.0 = Debug|Any CPU
		{A9065967-80A0-4CDA-9642-E489CCA7ECEA}.Release|Any CPU.ActiveCfg = Release|Any CPU
		{A9065967-80A0-4CDA-9642-E489CCA7ECEA}.Release|Any CPU.Build.0 = Release|Any CPU
	EndGlobalSection
	GlobalSection(SolutionProperties) = preSolution
		HideSolutionNode = FALSE
	EndGlobalSection
	GlobalSection(ExtensibilityGlobals) = postSolution
		SolutionGuid = {145997F1-AD44-4B39-890F-68E0B936F6E0}
	EndGlobalSection
EndGlobal
